
Microsoft Visual Studio Solution File, Format Version 12.00
# Visual Studio Version 16
VisualStudioVersion = 16.0.30011.22
MinimumVisualStudioVersion = 10.0.40219.1
Project("{FAE04EC0-301F-11D3-BF4B-00C04F79EFBC}") = "PP_LAB_1", "PP_LAB_1\PP_LAB_1.csproj", "{26DDAD5F-CAC8-46E1-9AB9-B472228A3A7A}"
EndProject
Project("{FAE04EC0-301F-11D3-BF4B-00C04F79EFBC}") = "Tester", "Tester\Tester.csproj", "{5B7502FC-BC6A-4DC4-85E4-F469F1FAB852}"
EndProject
Global
	GlobalSection(SolutionConfigurationPlatforms) = preSolution
		Debug|Any CPU = Debug|Any CPU
		Release|Any CPU = Release|Any CPU
	EndGlobalSection
	GlobalSection(ProjectConfigurationPlatforms) = postSolution
		{26DDAD5F-CAC8-46E1-9AB9-B472228A3A7A}.Debug|Any CPU.ActiveCfg = Debug|Any CPU
		{26DDAD5F-CAC8-46E1-9AB9-B472228A3A7A}.Debug|Any CPU.Build.0 = Debug|Any CPU
		{26DDAD5F-CAC8-46E1-9AB9-B472228A3A7A}.Release|Any CPU.ActiveCfg = Debug|Any CPU
		{26DDAD5F-CAC8-46E1-9AB9-B472228A3A7A}.Release|Any CPU.Build.0 = Debug|Any CPU
		{5B7502FC-BC6A-4DC4-85E4-F469F1FAB852}.Debug|Any CPU.ActiveCfg = Debug|Any CPU
		{5B7502FC-BC6A-4DC4-85E4-F469F1FAB852}.Debug|Any CPU.Build.0 = Debug|Any CPU
		{5B7502FC-BC6A-4DC4-85E4-F469F1FAB852}.Release|Any CPU.ActiveCfg = Release|Any CPU
		{5B7502FC-BC6A-4DC4-85E4-F469F1FAB852}.Release|Any CPU.Build.0 = Release|Any CPU
	EndGlobalSection
	GlobalSection(SolutionProperties) = preSolution
		HideSolutionNode = FALSE
	EndGlobalSection
	GlobalSection(ExtensibilityGlobals) = postSolution
		SolutionGuid = {C2510931-F5CF-4D65-B165-476336A3FDA1}
	EndGlobalSection
EndGlobal
